{
  "version": "v1",
  "packages": {
    "mvr-core": {
      "signature": "5410aa31afc5d071214061f5a949d215",
      "file": true
    },
    "mvr-dom": {
      "signature": "4777605fe2fa057335529cab8cfaa90b",
      "file": true
    },
    "mvr-helper": {
      "signature": "75daf1c8f2bf157213f4e2c02f475731",
      "file": true
    },
    "wy-helper": {
      "signature": "b325674f8f92644d8b34314b6701975b",
      "file": true
    },
    "mvr-dom-helper": {
      "signature": "678776608579d5adf2f7706e8cb089db",
      "file": true
    },
    "wy-dom-helper": {
      "signature": "cbd4cc1bc6c31ece9e768ebc25373aac",
      "file": true
    },
    "my-lib": {
      "signature": "d63c8e54dc821bd8663eeaf503d87e3c",
      "file": true
    }
  }
}