{
  "version": "v1",
  "packages": {
    "mvr-core": {
      "signature": "1b5c27d9800a0d704180e588ca4e3d19",
      "file": true
    },
    "mvr-dom": {
      "signature": "4777605fe2fa057335529cab8cfaa90b",
      "file": true
    },
    "mvr-helper": {
      "signature": "53eb2794f4b8bc2e63f42975a6a84360",
      "file": true
    },
    "wy-helper": {
      "signature": "b325674f8f92644d8b34314b6701975b",
      "file": true
    },
    "mvr-dom-helper": {
      "signature": "678776608579d5adf2f7706e8cb089db",
      "file": true
    },
    "wy-dom-helper": {
      "signature": "cbd4cc1bc6c31ece9e768ebc25373aac",
      "file": true
    },
    "my-lib": {
      "signature": "d63c8e54dc821bd8663eeaf503d87e3c",
      "file": true
    }
  }
}